
Microsoft Visual Studio Solution File, Format Version 12.00
# Visual Studio Version 16
VisualStudioVersion = 16.0.29215.179
MinimumVisualStudioVersion = 10.0.40219.1
Project("{FAE04EC0-301F-11D3-BF4B-00C04F79EFBC}") = "WindowsFormsApp1", "WindowsFormsApp1\WindowsFormsApp1.csproj", "{A9E6A132-A20E-46D6-989E-636BC7EC5122}"
EndProject
Global
	GlobalSection(SolutionConfigurationPlatforms) = preSolution
		Debug|Any CPU = Debug|Any CPU
		Release|Any CPU = Release|Any CPU
	EndGlobalSection
	GlobalSection(ProjectConfigurationPlatforms) = postSolution
		{A9E6A132-A20E-46D6-989E-636BC7EC5122}.Debug|Any CPU.ActiveCfg = Debug|Any CPU
		{A9E6A132-A20E-46D6-989E-636BC7EC5122}.Debug|Any CPU.Build.0 = Debug|Any CPU
		{A9E6A132-A20E-46D6-989E-636BC7EC5122}.Release|Any CPU.ActiveCfg = Release|Any CPU
		{A9E6A132-A20E-46D6-989E-636BC7EC5122}.Release|Any CPU.Build.0 = Release|Any CPU
	EndGlobalSection
	GlobalSection(SolutionProperties) = preSolution
		HideSolutionNode = FALSE
	EndGlobalSection
	GlobalSection(ExtensibilityGlobals) = postSolution
		SolutionGuid = {6CE820DA-91BF-4BA3-AF87-9F72EEC6AC49}
	EndGlobalSection
EndGlobal
